
Microsoft Visual Studio Solution File, Format Version 12.00
# Visual Studio Version 17
VisualStudioVersion = 17.6.33829.357
MinimumVisualStudioVersion = 10.0.40219.1
Project("{FAE04EC0-301F-11D3-BF4B-00C04F79EFBC}") = "LoginPage", "LoginPage\LoginPage.csproj", "{8CA572E9-E777-452A-ADE8-B77B2996133C}"
EndProject
Global
	GlobalSection(SolutionConfigurationPlatforms) = preSolution
		Debug|Any CPU = Debug|Any CPU
		Release|Any CPU = Release|Any CPU
	EndGlobalSection
	GlobalSection(ProjectConfigurationPlatforms) = postSolution
		{8CA572E9-E777-452A-ADE8-B77B2996133C}.Debug|Any CPU.ActiveCfg = Debug|Any CPU
		{8CA572E9-E777-452A-ADE8-B77B2996133C}.Debug|Any CPU.Build.0 = Debug|Any CPU
		{8CA572E9-E777-452A-ADE8-B77B2996133C}.Release|Any CPU.ActiveCfg = Release|Any CPU
		{8CA572E9-E777-452A-ADE8-B77B2996133C}.Release|Any CPU.Build.0 = Release|Any CPU
	EndGlobalSection
	GlobalSection(SolutionProperties) = preSolution
		HideSolutionNode = FALSE
	EndGlobalSection
	GlobalSection(ExtensibilityGlobals) = postSolution
		SolutionGuid = {D0498F47-EE59-4947-97DF-B47A0D32983E}
	EndGlobalSection
EndGlobal
